
Microsoft Visual Studio Solution File, Format Version 12.00
# Visual Studio Version 17
VisualStudioVersion = 17.10.34707.107
MinimumVisualStudioVersion = 10.0.40219.1
Project("{9A19103F-16F7-4668-BE54-9A1E7A4F7556}") = "Movies.Application", "src\Movies.Application\Movies.Application.csproj", "{D0FBB6AF-C304-464A-820E-A04BEAB50266}"
EndProject
Project("{9A19103F-16F7-4668-BE54-9A1E7A4F7556}") = "Movies.Contracts", "src\Movies.Contracts\Movies.Contracts.csproj", "{A5F1995D-279A-421F-B74B-3461A673B483}"
EndProject
Project("{9A19103F-16F7-4668-BE54-9A1E7A4F7556}") = "Movies.Api", "src\Movies.Api\Movies.Api.csproj", "{02B01041-2081-4648-A424-3E90AD9D20D8}"
EndProject
Project("{9A19103F-16F7-4668-BE54-9A1E7A4F7556}") = "Identity.Api", "src\Identity.Api\Identity.Api.csproj", "{76452152-7715-44BF-B4DE-8774A7B02458}"
EndProject
Project("{9A19103F-16F7-4668-BE54-9A1E7A4F7556}") = "Movies.Api.Sdk", "src\Movies.Api.Sdk\Movies.Api.Sdk.csproj", "{FFF3A761-C2EE-4C79-9FDB-392160084AF5}"
EndProject
Project("{9A19103F-16F7-4668-BE54-9A1E7A4F7556}") = "Movies.Api.Sdk.Consumer", "src\Movies.Api.Sdk.Consumer\Movies.Api.Sdk.Consumer.csproj", "{8969A434-7B9D-4DAB-8F22-11E70ABA563E}"
EndProject
Project("{FAE04EC0-301F-11D3-BF4B-00C04F79EFBC}") = "Movies.Minimal.Api", "src\Movies.Minimal.Api\Movies.Minimal.Api.csproj", "{1DCBF48D-6894-4737-BE2B-208D07169CC4}"
EndProject
Global
	GlobalSection(SolutionConfigurationPlatforms) = preSolution
		Debug|Any CPU = Debug|Any CPU
		Release|Any CPU = Release|Any CPU
	EndGlobalSection
	GlobalSection(ProjectConfigurationPlatforms) = postSolution
		{D0FBB6AF-C304-464A-820E-A04BEAB50266}.Debug|Any CPU.ActiveCfg = Debug|Any CPU
		{D0FBB6AF-C304-464A-820E-A04BEAB50266}.Debug|Any CPU.Build.0 = Debug|Any CPU
		{D0FBB6AF-C304-464A-820E-A04BEAB50266}.Release|Any CPU.ActiveCfg = Release|Any CPU
		{D0FBB6AF-C304-464A-820E-A04BEAB50266}.Release|Any CPU.Build.0 = Release|Any CPU
		{A5F1995D-279A-421F-B74B-3461A673B483}.Debug|Any CPU.ActiveCfg = Debug|Any CPU
		{A5F1995D-279A-421F-B74B-3461A673B483}.Debug|Any CPU.Build.0 = Debug|Any CPU
		{A5F1995D-279A-421F-B74B-3461A673B483}.Release|Any CPU.ActiveCfg = Release|Any CPU
		{A5F1995D-279A-421F-B74B-3461A673B483}.Release|Any CPU.Build.0 = Release|Any CPU
		{02B01041-2081-4648-A424-3E90AD9D20D8}.Debug|Any CPU.ActiveCfg = Debug|Any CPU
		{02B01041-2081-4648-A424-3E90AD9D20D8}.Debug|Any CPU.Build.0 = Debug|Any CPU
		{02B01041-2081-4648-A424-3E90AD9D20D8}.Release|Any CPU.ActiveCfg = Release|Any CPU
		{02B01041-2081-4648-A424-3E90AD9D20D8}.Release|Any CPU.Build.0 = Release|Any CPU
		{76452152-7715-44BF-B4DE-8774A7B02458}.Debug|Any CPU.ActiveCfg = Debug|Any CPU
		{76452152-7715-44BF-B4DE-8774A7B02458}.Debug|Any CPU.Build.0 = Debug|Any CPU
		{76452152-7715-44BF-B4DE-8774A7B02458}.Release|Any CPU.ActiveCfg = Release|Any CPU
		{76452152-7715-44BF-B4DE-8774A7B02458}.Release|Any CPU.Build.0 = Release|Any CPU
		{FFF3A761-C2EE-4C79-9FDB-392160084AF5}.Debug|Any CPU.ActiveCfg = Debug|Any CPU
		{FFF3A761-C2EE-4C79-9FDB-392160084AF5}.Debug|Any CPU.Build.0 = Debug|Any CPU
		{FFF3A761-C2EE-4C79-9FDB-392160084AF5}.Release|Any CPU.ActiveCfg = Release|Any CPU
		{FFF3A761-C2EE-4C79-9FDB-392160084AF5}.Release|Any CPU.Build.0 = Release|Any CPU
		{8969A434-7B9D-4DAB-8F22-11E70ABA563E}.Debug|Any CPU.ActiveCfg = Debug|Any CPU
		{8969A434-7B9D-4DAB-8F22-11E70ABA563E}.Debug|Any CPU.Build.0 = Debug|Any CPU
		{8969A434-7B9D-4DAB-8F22-11E70ABA563E}.Release|Any CPU.ActiveCfg = Release|Any CPU
		{8969A434-7B9D-4DAB-8F22-11E70ABA563E}.Release|Any CPU.Build.0 = Release|Any CPU
		{1DCBF48D-6894-4737-BE2B-208D07169CC4}.Debug|Any CPU.ActiveCfg = Debug|Any CPU
		{1DCBF48D-6894-4737-BE2B-208D07169CC4}.Debug|Any CPU.Build.0 = Debug|Any CPU
		{1DCBF48D-6894-4737-BE2B-208D07169CC4}.Release|Any CPU.ActiveCfg = Release|Any CPU
		{1DCBF48D-6894-4737-BE2B-208D07169CC4}.Release|Any CPU.Build.0 = Release|Any CPU
	EndGlobalSection
	GlobalSection(SolutionProperties) = preSolution
		HideSolutionNode = FALSE
	EndGlobalSection
	GlobalSection(ExtensibilityGlobals) = postSolution
		SolutionGuid = {32A898E2-C2E3-4BA1-8A83-3E47FC2AA22F}
	EndGlobalSection
EndGlobal
